
Microsoft Visual Studio Solution File, Format Version 12.00
# Visual Studio 15
VisualStudioVersion = 15.0.28307.757
MinimumVisualStudioVersion = 10.0.40219.1
Project("{8BC9CEB8-8B4A-11D0-8D11-00A0C91BC942}") = "DEF", "DEF.vcxproj", "{FDEDD83D-1E89-4287-B94C-F73C925D4A54}"
EndProject
Global
	GlobalSection(SolutionConfigurationPlatforms) = preSolution
		Debug|x64 = Debug|x64
		Debug|x86 = Debug|x86
		Release|x64 = Release|x64
		Release|x86 = Release|x86
	EndGlobalSection
	GlobalSection(ProjectConfigurationPlatforms) = postSolution
		{FDEDD83D-1E89-4287-B94C-F73C925D4A54}.Debug|x64.ActiveCfg = Debug|x64
		{FDEDD83D-1E89-4287-B94C-F73C925D4A54}.Debug|x64.Build.0 = Debug|x64
		{FDEDD83D-1E89-4287-B94C-F73C925D4A54}.Debug|x86.ActiveCfg = Debug|Win32
		{FDEDD83D-1E89-4287-B94C-F73C925D4A54}.Debug|x86.Build.0 = Debug|Win32
		{FDEDD83D-1E89-4287-B94C-F73C925D4A54}.Release|x64.ActiveCfg = Release|x64
		{FDEDD83D-1E89-4287-B94C-F73C925D4A54}.Release|x64.Build.0 = Release|x64
		{FDEDD83D-1E89-4287-B94C-F73C925D4A54}.Release|x86.ActiveCfg = Debug|Win32
		{FDEDD83D-1E89-4287-B94C-F73C925D4A54}.Release|x86.Build.0 = Debug|Win32
	EndGlobalSection
	GlobalSection(SolutionProperties) = preSolution
		HideSolutionNode = FALSE
	EndGlobalSection
	GlobalSection(ExtensibilityGlobals) = postSolution
		SolutionGuid = {75B6EFCD-32AA-43C9-A859-D1CBB3952C95}
	EndGlobalSection
EndGlobal
