
Microsoft Visual Studio Solution File, Format Version 12.00
# Visual Studio 15
VisualStudioVersion = 15.0.28307.757
MinimumVisualStudioVersion = 10.0.40219.1
Project("{8BC9CEB8-8B4A-11D0-8D11-00A0C91BC942}") = "RGB button", "RGB button\RGB button.vcxproj", "{B277AEFA-1913-4C5D-927C-FD6947FE9341}"
EndProject
Global
	GlobalSection(SolutionConfigurationPlatforms) = preSolution
		Debug|x64 = Debug|x64
		Debug|x86 = Debug|x86
		Release|x64 = Release|x64
		Release|x86 = Release|x86
	EndGlobalSection
	GlobalSection(ProjectConfigurationPlatforms) = postSolution
		{B277AEFA-1913-4C5D-927C-FD6947FE9341}.Debug|x64.ActiveCfg = Debug|x64
		{B277AEFA-1913-4C5D-927C-FD6947FE9341}.Debug|x64.Build.0 = Debug|x64
		{B277AEFA-1913-4C5D-927C-FD6947FE9341}.Debug|x86.ActiveCfg = Debug|Win32
		{B277AEFA-1913-4C5D-927C-FD6947FE9341}.Debug|x86.Build.0 = Debug|Win32
		{B277AEFA-1913-4C5D-927C-FD6947FE9341}.Release|x64.ActiveCfg = Release|x64
		{B277AEFA-1913-4C5D-927C-FD6947FE9341}.Release|x64.Build.0 = Release|x64
		{B277AEFA-1913-4C5D-927C-FD6947FE9341}.Release|x86.ActiveCfg = Release|Win32
		{B277AEFA-1913-4C5D-927C-FD6947FE9341}.Release|x86.Build.0 = Release|Win32
	EndGlobalSection
	GlobalSection(SolutionProperties) = preSolution
		HideSolutionNode = FALSE
	EndGlobalSection
	GlobalSection(ExtensibilityGlobals) = postSolution
		SolutionGuid = {5C297999-6872-4D27-AC29-3CC5AD98EED0}
	EndGlobalSection
EndGlobal
