
Microsoft Visual Studio Solution File, Format Version 12.00
# Visual Studio 15
VisualStudioVersion = 15.0.28307.757
MinimumVisualStudioVersion = 10.0.40219.1
Project("{8BC9CEB8-8B4A-11D0-8D11-00A0C91BC942}") = "Icon1", "Icon1\Icon1.vcxproj", "{CA3A731F-28C3-4D09-B3B2-3B406E28277E}"
EndProject
Global
	GlobalSection(SolutionConfigurationPlatforms) = preSolution
		Debug|x64 = Debug|x64
		Debug|x86 = Debug|x86
		Release|x64 = Release|x64
		Release|x86 = Release|x86
	EndGlobalSection
	GlobalSection(ProjectConfigurationPlatforms) = postSolution
		{CA3A731F-28C3-4D09-B3B2-3B406E28277E}.Debug|x64.ActiveCfg = Debug|x64
		{CA3A731F-28C3-4D09-B3B2-3B406E28277E}.Debug|x64.Build.0 = Debug|x64
		{CA3A731F-28C3-4D09-B3B2-3B406E28277E}.Debug|x86.ActiveCfg = Debug|Win32
		{CA3A731F-28C3-4D09-B3B2-3B406E28277E}.Debug|x86.Build.0 = Debug|Win32
		{CA3A731F-28C3-4D09-B3B2-3B406E28277E}.Release|x64.ActiveCfg = Release|x64
		{CA3A731F-28C3-4D09-B3B2-3B406E28277E}.Release|x64.Build.0 = Release|x64
		{CA3A731F-28C3-4D09-B3B2-3B406E28277E}.Release|x86.ActiveCfg = Release|Win32
		{CA3A731F-28C3-4D09-B3B2-3B406E28277E}.Release|x86.Build.0 = Release|Win32
	EndGlobalSection
	GlobalSection(SolutionProperties) = preSolution
		HideSolutionNode = FALSE
	EndGlobalSection
	GlobalSection(ExtensibilityGlobals) = postSolution
		SolutionGuid = {AFC9A5CF-C00C-4C7B-81F4-72FDD0D8FA2A}
	EndGlobalSection
EndGlobal
