
Microsoft Visual Studio Solution File, Format Version 12.00
# Visual Studio 15
VisualStudioVersion = 15.0.28307.757
MinimumVisualStudioVersion = 10.0.40219.1
Project("{8BC9CEB8-8B4A-11D0-8D11-00A0C91BC942}") = "Mywindow", "Mywindow.vcxproj", "{F15DB011-E7C5-4C01-B964-67D46B1A1657}"
EndProject
Global
	GlobalSection(SolutionConfigurationPlatforms) = preSolution
		Debug|x64 = Debug|x64
		Debug|x86 = Debug|x86
		Release|x64 = Release|x64
		Release|x86 = Release|x86
	EndGlobalSection
	GlobalSection(ProjectConfigurationPlatforms) = postSolution
		{F15DB011-E7C5-4C01-B964-67D46B1A1657}.Debug|x64.ActiveCfg = Debug|x64
		{F15DB011-E7C5-4C01-B964-67D46B1A1657}.Debug|x64.Build.0 = Debug|x64
		{F15DB011-E7C5-4C01-B964-67D46B1A1657}.Debug|x86.ActiveCfg = Debug|Win32
		{F15DB011-E7C5-4C01-B964-67D46B1A1657}.Debug|x86.Build.0 = Debug|Win32
		{F15DB011-E7C5-4C01-B964-67D46B1A1657}.Release|x64.ActiveCfg = Release|x64
		{F15DB011-E7C5-4C01-B964-67D46B1A1657}.Release|x64.Build.0 = Release|x64
		{F15DB011-E7C5-4C01-B964-67D46B1A1657}.Release|x86.ActiveCfg = Release|Win32
		{F15DB011-E7C5-4C01-B964-67D46B1A1657}.Release|x86.Build.0 = Release|Win32
	EndGlobalSection
	GlobalSection(SolutionProperties) = preSolution
		HideSolutionNode = FALSE
	EndGlobalSection
	GlobalSection(ExtensibilityGlobals) = postSolution
		SolutionGuid = {7AD02519-A1D5-4AA6-94C4-B1A626F12CC8}
	EndGlobalSection
EndGlobal
